
Microsoft Visual Studio Solution File, Format Version 12.00
# Visual Studio Version 17
VisualStudioVersion = 17.11.35327.3
MinimumVisualStudioVersion = 10.0.40219.1
Project("{FAE04EC0-301F-11D3-BF4B-00C04F79EFBC}") = "PatientsProject.Api", "PatientsProject.Api\PatientsProject.Api.csproj", "{F3BD4E0A-68A1-4A69-8765-24D967A1B4E3}"
EndProject
Project("{FAE04EC0-301F-11D3-BF4B-00C04F79EFBC}") = "PatientsProject.Domain", "PatientsProject.Domain\PatientsProject.Domain.csproj", "{DAA06936-FD58-4E48-98C5-B2686651EC3E}"
EndProject
Project("{FAE04EC0-301F-11D3-BF4B-00C04F79EFBC}") = "PatientsProject.Infrastructure", "PatientsProject.Infrastructure\PatientsProject.Infrastructure.csproj", "{A500D6DB-8830-4A93-9F84-4CD435A384CE}"
EndProject
Project("{FAE04EC0-301F-11D3-BF4B-00C04F79EFBC}") = "PatientsProject.Application", "PatientsProject.Application\PatientsProject.Application.csproj", "{9131C3B1-BFEE-477C-910C-AFD7A02C1885}"
EndProject
Global
	GlobalSection(SolutionConfigurationPlatforms) = preSolution
		Debug|Any CPU = Debug|Any CPU
		Release|Any CPU = Release|Any CPU
	EndGlobalSection
	GlobalSection(ProjectConfigurationPlatforms) = postSolution
		{F3BD4E0A-68A1-4A69-8765-24D967A1B4E3}.Debug|Any CPU.ActiveCfg = Debug|Any CPU
		{F3BD4E0A-68A1-4A69-8765-24D967A1B4E3}.Debug|Any CPU.Build.0 = Debug|Any CPU
		{F3BD4E0A-68A1-4A69-8765-24D967A1B4E3}.Release|Any CPU.ActiveCfg = Release|Any CPU
		{F3BD4E0A-68A1-4A69-8765-24D967A1B4E3}.Release|Any CPU.Build.0 = Release|Any CPU
		{DAA06936-FD58-4E48-98C5-B2686651EC3E}.Debug|Any CPU.ActiveCfg = Debug|Any CPU
		{DAA06936-FD58-4E48-98C5-B2686651EC3E}.Debug|Any CPU.Build.0 = Debug|Any CPU
		{DAA06936-FD58-4E48-98C5-B2686651EC3E}.Release|Any CPU.ActiveCfg = Release|Any CPU
		{DAA06936-FD58-4E48-98C5-B2686651EC3E}.Release|Any CPU.Build.0 = Release|Any CPU
		{A500D6DB-8830-4A93-9F84-4CD435A384CE}.Debug|Any CPU.ActiveCfg = Debug|Any CPU
		{A500D6DB-8830-4A93-9F84-4CD435A384CE}.Debug|Any CPU.Build.0 = Debug|Any CPU
		{A500D6DB-8830-4A93-9F84-4CD435A384CE}.Release|Any CPU.ActiveCfg = Release|Any CPU
		{A500D6DB-8830-4A93-9F84-4CD435A384CE}.Release|Any CPU.Build.0 = Release|Any CPU
		{9131C3B1-BFEE-477C-910C-AFD7A02C1885}.Debug|Any CPU.ActiveCfg = Debug|Any CPU
		{9131C3B1-BFEE-477C-910C-AFD7A02C1885}.Debug|Any CPU.Build.0 = Debug|Any CPU
		{9131C3B1-BFEE-477C-910C-AFD7A02C1885}.Release|Any CPU.ActiveCfg = Release|Any CPU
		{9131C3B1-BFEE-477C-910C-AFD7A02C1885}.Release|Any CPU.Build.0 = Release|Any CPU
	EndGlobalSection
	GlobalSection(SolutionProperties) = preSolution
		HideSolutionNode = FALSE
	EndGlobalSection
	GlobalSection(ExtensibilityGlobals) = postSolution
		SolutionGuid = {B9AE09F2-D2D8-4847-8483-6CB9DD011A52}
	EndGlobalSection
EndGlobal
